
Microsoft Visual Studio Solution File, Format Version 12.00
# Visual Studio Version 16
VisualStudioVersion = 16.0.31410.357
MinimumVisualStudioVersion = 15.0.26124.0
Project("{2150E333-8FDC-42A3-9474-1A3956D46DE8}") = "src", "src", "{DDDECEF3-0A1A-4BBD-9465-A4D11F00C2BC}"
EndProject
Project("{9A19103F-16F7-4668-BE54-9A1E7A4F7556}") = "AspNetCoreTodo", "src\AspNetCoreTodo\AspNetCoreTodo.csproj", "{23E039BC-0417-48EF-9CAC-98D40143A5BD}"
EndProject
Project("{9A19103F-16F7-4668-BE54-9A1E7A4F7556}") = "AspNetCoreTodoData", "src\AspNetCoreTodoData\AspNetCoreTodoData.csproj", "{072974DD-A270-4C1E-AD21-5A954FFA18EC}"
EndProject
Global
	GlobalSection(SolutionConfigurationPlatforms) = preSolution
		Debug|Any CPU = Debug|Any CPU
		Debug|x64 = Debug|x64
		Debug|x86 = Debug|x86
		Release|Any CPU = Release|Any CPU
		Release|x64 = Release|x64
		Release|x86 = Release|x86
	EndGlobalSection
	GlobalSection(ProjectConfigurationPlatforms) = postSolution
		{23E039BC-0417-48EF-9CAC-98D40143A5BD}.Debug|Any CPU.ActiveCfg = Debug|Any CPU
		{23E039BC-0417-48EF-9CAC-98D40143A5BD}.Debug|Any CPU.Build.0 = Debug|Any CPU
		{23E039BC-0417-48EF-9CAC-98D40143A5BD}.Debug|x64.ActiveCfg = Debug|Any CPU
		{23E039BC-0417-48EF-9CAC-98D40143A5BD}.Debug|x64.Build.0 = Debug|Any CPU
		{23E039BC-0417-48EF-9CAC-98D40143A5BD}.Debug|x86.ActiveCfg = Debug|Any CPU
		{23E039BC-0417-48EF-9CAC-98D40143A5BD}.Debug|x86.Build.0 = Debug|Any CPU
		{23E039BC-0417-48EF-9CAC-98D40143A5BD}.Release|Any CPU.ActiveCfg = Release|Any CPU
		{23E039BC-0417-48EF-9CAC-98D40143A5BD}.Release|Any CPU.Build.0 = Release|Any CPU
		{23E039BC-0417-48EF-9CAC-98D40143A5BD}.Release|x64.ActiveCfg = Release|Any CPU
		{23E039BC-0417-48EF-9CAC-98D40143A5BD}.Release|x64.Build.0 = Release|Any CPU
		{23E039BC-0417-48EF-9CAC-98D40143A5BD}.Release|x86.ActiveCfg = Release|Any CPU
		{23E039BC-0417-48EF-9CAC-98D40143A5BD}.Release|x86.Build.0 = Release|Any CPU
		{072974DD-A270-4C1E-AD21-5A954FFA18EC}.Debug|Any CPU.ActiveCfg = Debug|Any CPU
		{072974DD-A270-4C1E-AD21-5A954FFA18EC}.Debug|Any CPU.Build.0 = Debug|Any CPU
		{072974DD-A270-4C1E-AD21-5A954FFA18EC}.Debug|x64.ActiveCfg = Debug|Any CPU
		{072974DD-A270-4C1E-AD21-5A954FFA18EC}.Debug|x64.Build.0 = Debug|Any CPU
		{072974DD-A270-4C1E-AD21-5A954FFA18EC}.Debug|x86.ActiveCfg = Debug|Any CPU
		{072974DD-A270-4C1E-AD21-5A954FFA18EC}.Debug|x86.Build.0 = Debug|Any CPU
		{072974DD-A270-4C1E-AD21-5A954FFA18EC}.Release|Any CPU.ActiveCfg = Release|Any CPU
		{072974DD-A270-4C1E-AD21-5A954FFA18EC}.Release|Any CPU.Build.0 = Release|Any CPU
		{072974DD-A270-4C1E-AD21-5A954FFA18EC}.Release|x64.ActiveCfg = Release|Any CPU
		{072974DD-A270-4C1E-AD21-5A954FFA18EC}.Release|x64.Build.0 = Release|Any CPU
		{072974DD-A270-4C1E-AD21-5A954FFA18EC}.Release|x86.ActiveCfg = Release|Any CPU
		{072974DD-A270-4C1E-AD21-5A954FFA18EC}.Release|x86.Build.0 = Release|Any CPU
	EndGlobalSection
	GlobalSection(SolutionProperties) = preSolution
		HideSolutionNode = FALSE
	EndGlobalSection
	GlobalSection(NestedProjects) = preSolution
		{23E039BC-0417-48EF-9CAC-98D40143A5BD} = {DDDECEF3-0A1A-4BBD-9465-A4D11F00C2BC}
		{072974DD-A270-4C1E-AD21-5A954FFA18EC} = {DDDECEF3-0A1A-4BBD-9465-A4D11F00C2BC}
	EndGlobalSection
	GlobalSection(ExtensibilityGlobals) = postSolution
		SolutionGuid = {40F7BBC8-E290-448C-B653-BF71F417F635}
	EndGlobalSection
EndGlobal
